// !$*UTF8*$!
{
	archiveVersion = 1;
	classes = {
	};
	objectVersion = 50;
	objects = {

/* Begin PBXBuildFile section */
		7110A7A62671886100CDAF07 /* NewsViewerApp.swift in Sources */ = {isa = PBXBuildFile; fileRef = 7110A7A52671886100CDAF07 /* NewsViewerApp.swift */; };
		7110A7A82671886100CDAF07 /* ContentView.swift in Sources */ = {isa = PBXBuildFile; fileRef = 7110A7A72671886100CDAF07 /* ContentView.swift */; };
		7110A7AA2671886100CDAF07 /* Assets.xcassets in Resources */ = {isa = PBXBuildFile; fileRef = 7110A7A92671886100CDAF07 /* Assets.xcassets */; };
		7110A7AD2671886100CDAF07 /* Preview Assets.xcassets in Resources */ = {isa = PBXBuildFile; fileRef = 7110A7AC2671886100CDAF07 /* Preview Assets.xcassets */; };
		7110A7B82671886200CDAF07 /* NewsAppTests.swift in Sources */ = {isa = PBXBuildFile; fileRef = 7110A7B72671886200CDAF07 /* NewsAppTests.swift */; };
		7110A7C32671886200CDAF07 /* NewsAppUITests.swift in Sources */ = {isa = PBXBuildFile; fileRef = 7110A7C22671886200CDAF07 /* NewsAppUITests.swift */; };
		7110A7D12671A17800CDAF07 /* Articles+Models.swift in Sources */ = {isa = PBXBuildFile; fileRef = 7110A7D02671A17800CDAF07 /* Articles+Models.swift */; };
		7110A7D62671B03500CDAF07 /* Articles+Controller.swift in Sources */ = {isa = PBXBuildFile; fileRef = 7110A7D52671B03500CDAF07 /* Articles+Controller.swift */; };
		7110A7D82671B0F200CDAF07 /* LoadingIcon.swift in Sources */ = {isa = PBXBuildFile; fileRef = 7110A7D72671B0F200CDAF07 /* LoadingIcon.swift */; };
		7110A7DA267577AF00CDAF07 /* Extensions.swift in Sources */ = {isa = PBXBuildFile; fileRef = 7110A7D9267577AF00CDAF07 /* Extensions.swift */; };
		7110A7DE2676A8FE00CDAF07 /* ArticleViewer.swift in Sources */ = {isa = PBXBuildFile; fileRef = 7110A7DD2676A8FE00CDAF07 /* ArticleViewer.swift */; };
		7110A7E02676D2FB00CDAF07 /* TopicChooser.swift in Sources */ = {isa = PBXBuildFile; fileRef = 7110A7DF2676D2FB00CDAF07 /* TopicChooser.swift */; };
		7110A7E22676E8E500CDAF07 /* Palette.swift in Sources */ = {isa = PBXBuildFile; fileRef = 7110A7E12676E8E500CDAF07 /* Palette.swift */; };
		7110A7E62676F86D00CDAF07 /* Modal.swift in Sources */ = {isa = PBXBuildFile; fileRef = 7110A7E52676F86D00CDAF07 /* Modal.swift */; };
		7110A7E82677040200CDAF07 /* UserSettingsView.swift in Sources */ = {isa = PBXBuildFile; fileRef = 7110A7E72677040200CDAF07 /* UserSettingsView.swift */; };
		7110A7EA2677041C00CDAF07 /* Settings.swift in Sources */ = {isa = PBXBuildFile; fileRef = 7110A7E92677041C00CDAF07 /* Settings.swift */; };
		7110A7EC26770E6E00CDAF07 /* OnboardView.swift in Sources */ = {isa = PBXBuildFile; fileRef = 7110A7EB26770E6E00CDAF07 /* OnboardView.swift */; };
/* End PBXBuildFile section */

/* Begin PBXContainerItemProxy section */
		7110A7B42671886200CDAF07 /* PBXContainerItemProxy */ = {
			isa = PBXContainerItemProxy;
			containerPortal = 7110A79A2671886100CDAF07 /* Project object */;
			proxyType = 1;
			remoteGlobalIDString = 7110A7A12671886100CDAF07;
			remoteInfo = NewsApp;
		};
		7110A7BF2671886200CDAF07 /* PBXContainerItemProxy */ = {
			isa = PBXContainerItemProxy;
			containerPortal = 7110A79A2671886100CDAF07 /* Project object */;
			proxyType = 1;
			remoteGlobalIDString = 7110A7A12671886100CDAF07;
			remoteInfo = NewsApp;
		};
/* End PBXContainerItemProxy section */

/* Begin PBXFileReference section */
		7110A7A22671886100CDAF07 /* NewsApp.app */ = {isa = PBXFileReference; explicitFileType = wrapper.application; includeInIndex = 0; path = NewsApp.app; sourceTree = BUILT_PRODUCTS_DIR; };
		7110A7A52671886100CDAF07 /* NewsViewerApp.swift */ = {isa = PBXFileReference; lastKnownFileType = sourcecode.swift; path = NewsViewerApp.swift; sourceTree = "<group>"; };
		7110A7A72671886100CDAF07 /* ContentView.swift */ = {isa = PBXFileReference; lastKnownFileType = sourcecode.swift; path = ContentView.swift; sourceTree = "<group>"; };
		7110A7A92671886100CDAF07 /* Assets.xcassets */ = {isa = PBXFileReference; lastKnownFileType = folder.assetcatalog; path = Assets.xcassets; sourceTree = "<group>"; };
		7110A7AC2671886100CDAF07 /* Preview Assets.xcassets */ = {isa = PBXFileReference; lastKnownFileType = folder.assetcatalog; path = "Preview Assets.xcassets"; sourceTree = "<group>"; };
		7110A7AE2671886100CDAF07 /* Info.plist */ = {isa = PBXFileReference; lastKnownFileType = text.plist.xml; path = Info.plist; sourceTree = "<group>"; };
		7110A7B32671886200CDAF07 /* NewsAppTests.xctest */ = {isa = PBXFileReference; explicitFileType = wrapper.cfbundle; includeInIndex = 0; path = NewsAppTests.xctest; sourceTree = BUILT_PRODUCTS_DIR; };
		7110A7B72671886200CDAF07 /* NewsAppTests.swift */ = {isa = PBXFileReference; lastKnownFileType = sourcecode.swift; path = NewsAppTests.swift; sourceTree = "<group>"; };
		7110A7B92671886200CDAF07 /* Info.plist */ = {isa = PBXFileReference; lastKnownFileType = text.plist.xml; path = Info.plist; sourceTree = "<group>"; };
		7110A7BE2671886200CDAF07 /* NewsAppUITests.xctest */ = {isa = PBXFileReference; explicitFileType = wrapper.cfbundle; includeInIndex = 0; path = NewsAppUITests.xctest; sourceTree = BUILT_PRODUCTS_DIR; };
		7110A7C22671886200CDAF07 /* NewsAppUITests.swift */ = {isa = PBXFileReference; lastKnownFileType = sourcecode.swift; path = NewsAppUITests.swift; sourceTree = "<group>"; };
		7110A7C42671886200CDAF07 /* Info.plist */ = {isa = PBXFileReference; lastKnownFileType = text.plist.xml; path = Info.plist; sourceTree = "<group>"; };
		7110A7D02671A17800CDAF07 /* Articles+Models.swift */ = {isa = PBXFileReference; lastKnownFileType = sourcecode.swift; path = "Articles+Models.swift"; sourceTree = "<group>"; };
		7110A7D52671B03500CDAF07 /* Articles+Controller.swift */ = {isa = PBXFileReference; lastKnownFileType = sourcecode.swift; path = "Articles+Controller.swift"; sourceTree = "<group>"; };
		7110A7D72671B0F200CDAF07 /* LoadingIcon.swift */ = {isa = PBXFileReference; lastKnownFileType = sourcecode.swift; path = LoadingIcon.swift; sourceTree = "<group>"; };
		7110A7D9267577AF00CDAF07 /* Extensions.swift */ = {isa = PBXFileReference; lastKnownFileType = sourcecode.swift; path = Extensions.swift; sourceTree = "<group>"; };
		7110A7DD2676A8FE00CDAF07 /* ArticleViewer.swift */ = {isa = PBXFileReference; lastKnownFileType = sourcecode.swift; path = ArticleViewer.swift; sourceTree = "<group>"; };
		7110A7DF2676D2FB00CDAF07 /* TopicChooser.swift */ = {isa = PBXFileReference; lastKnownFileType = sourcecode.swift; path = TopicChooser.swift; sourceTree = "<group>"; };
		7110A7E12676E8E500CDAF07 /* Palette.swift */ = {isa = PBXFileReference; lastKnownFileType = sourcecode.swift; path = Palette.swift; sourceTree = "<group>"; };
		7110A7E52676F86D00CDAF07 /* Modal.swift */ = {isa = PBXFileReference; lastKnownFileType = sourcecode.swift; path = Modal.swift; sourceTree = "<group>"; };
		7110A7E72677040200CDAF07 /* UserSettingsView.swift */ = {isa = PBXFileReference; lastKnownFileType = sourcecode.swift; path = UserSettingsView.swift; sourceTree = "<group>"; };
		7110A7E92677041C00CDAF07 /* Settings.swift */ = {isa = PBXFileReference; lastKnownFileType = sourcecode.swift; path = Settings.swift; sourceTree = "<group>"; };
		7110A7EB26770E6E00CDAF07 /* OnboardView.swift */ = {isa = PBXFileReference; lastKnownFileType = sourcecode.swift; path = OnboardView.swift; sourceTree = "<group>"; };
/* End PBXFileReference section */

/* Begin PBXFrameworksBuildPhase section */
		7110A79F2671886100CDAF07 /* Frameworks */ = {
			isa = PBXFrameworksBuildPhase;
			buildActionMask = 2147483647;
			files = (
			);
			runOnlyForDeploymentPostprocessing = 0;
		};
		7110A7B02671886200CDAF07 /* Frameworks */ = {
			isa = PBXFrameworksBuildPhase;
			buildActionMask = 2147483647;
			files = (
			);
			runOnlyForDeploymentPostprocessing = 0;
		};
		7110A7BB2671886200CDAF07 /* Frameworks */ = {
			isa = PBXFrameworksBuildPhase;
			buildActionMask = 2147483647;
			files = (
			);
			runOnlyForDeploymentPostprocessing = 0;
		};
/* End PBXFrameworksBuildPhase section */

/* Begin PBXGroup section */
		7110A7992671886100CDAF07 = {
			isa = PBXGroup;
			children = (
				7110A7A42671886100CDAF07 /* NewsApp */,
				7110A7B62671886200CDAF07 /* NewsAppTests */,
				7110A7C12671886200CDAF07 /* NewsAppUITests */,
				7110A7A32671886100CDAF07 /* Products */,
			);
			sourceTree = "<group>";
		};
		7110A7A32671886100CDAF07 /* Products */ = {
			isa = PBXGroup;
			children = (
				7110A7A22671886100CDAF07 /* NewsApp.app */,
				7110A7B32671886200CDAF07 /* NewsAppTests.xctest */,
				7110A7BE2671886200CDAF07 /* NewsAppUITests.xctest */,
			);
			name = Products;
			sourceTree = "<group>";
		};
		7110A7A42671886100CDAF07 /* NewsApp */ = {
			isa = PBXGroup;
			children = (
				7110A7D42671B01B00CDAF07 /* Controllers */,
				7110A7D32671AFEA00CDAF07 /* Model */,
				7110A7D22671AFD200CDAF07 /* Views */,
				7110A7A52671886100CDAF07 /* NewsViewerApp.swift */,
				7110A7D9267577AF00CDAF07 /* Extensions.swift */,
				7110A7E12676E8E500CDAF07 /* Palette.swift */,
				7110A7A92671886100CDAF07 /* Assets.xcassets */,
				7110A7AE2671886100CDAF07 /* Info.plist */,
				7110A7AB2671886100CDAF07 /* Preview Content */,
			);
			path = NewsApp;
			sourceTree = "<group>";
		};
		7110A7AB2671886100CDAF07 /* Preview Content */ = {
			isa = PBXGroup;
			children = (
				7110A7AC2671886100CDAF07 /* Preview Assets.xcassets */,
			);
			path = "Preview Content";
			sourceTree = "<group>";
		};
		7110A7B62671886200CDAF07 /* NewsAppTests */ = {
			isa = PBXGroup;
			children = (
				7110A7B72671886200CDAF07 /* NewsAppTests.swift */,
				7110A7B92671886200CDAF07 /* Info.plist */,
			);
			path = NewsAppTests;
			sourceTree = "<group>";
		};
		7110A7C12671886200CDAF07 /* NewsAppUITests */ = {
			isa = PBXGroup;
			children = (
				7110A7C22671886200CDAF07 /* NewsAppUITests.swift */,
				7110A7C42671886200CDAF07 /* Info.plist */,
			);
			path = NewsAppUITests;
			sourceTree = "<group>";
		};
		7110A7D22671AFD200CDAF07 /* Views */ = {
			isa = PBXGroup;
			children = (
				7110A7A72671886100CDAF07 /* ContentView.swift */,
				7110A7D72671B0F200CDAF07 /* LoadingIcon.swift */,
				7110A7DD2676A8FE00CDAF07 /* ArticleViewer.swift */,
				7110A7DF2676D2FB00CDAF07 /* TopicChooser.swift */,
				7110A7E52676F86D00CDAF07 /* Modal.swift */,
				7110A7E72677040200CDAF07 /* UserSettingsView.swift */,
				7110A7EB26770E6E00CDAF07 /* OnboardView.swift */,
			);
			path = Views;
			sourceTree = "<group>";
		};
		7110A7D32671AFEA00CDAF07 /* Model */ = {
			isa = PBXGroup;
			children = (
				7110A7D02671A17800CDAF07 /* Articles+Models.swift */,
				7110A7E92677041C00CDAF07 /* Settings.swift */,
			);
			path = Model;
			sourceTree = "<group>";
		};
		7110A7D42671B01B00CDAF07 /* Controllers */ = {
			isa = PBXGroup;
			children = (
				7110A7D52671B03500CDAF07 /* Articles+Controller.swift */,
			);
			path = Controllers;
			sourceTree = "<group>";
		};
/* End PBXGroup section */

/* Begin PBXNativeTarget section */
		7110A7A12671886100CDAF07 /* NewsApp */ = {
			isa = PBXNativeTarget;
			buildConfigurationList = 7110A7C72671886200CDAF07 /* Build configuration list for PBXNativeTarget "NewsApp" */;
			buildPhases = (
				7110A79E2671886100CDAF07 /* Sources */,
				7110A79F2671886100CDAF07 /* Frameworks */,
				7110A7A02671886100CDAF07 /* Resources */,
			);
			buildRules = (
			);
			dependencies = (
			);
			name = NewsApp;
			productName = NewsApp;
			productReference = 7110A7A22671886100CDAF07 /* NewsApp.app */;
			productType = "com.apple.product-type.application";
		};
		7110A7B22671886200CDAF07 /* NewsAppTests */ = {
			isa = PBXNativeTarget;
			buildConfigurationList = 7110A7CA2671886200CDAF07 /* Build configuration list for PBXNativeTarget "NewsAppTests" */;
			buildPhases = (
				7110A7AF2671886200CDAF07 /* Sources */,
				7110A7B02671886200CDAF07 /* Frameworks */,
				7110A7B12671886200CDAF07 /* Resources */,
			);
			buildRules = (
			);
			dependencies = (
				7110A7B52671886200CDAF07 /* PBXTargetDependency */,
			);
			name = NewsAppTests;
			productName = NewsAppTests;
			productReference = 7110A7B32671886200CDAF07 /* NewsAppTests.xctest */;
			productType = "com.apple.product-type.bundle.unit-test";
		};
		7110A7BD2671886200CDAF07 /* NewsAppUITests */ = {
			isa = PBXNativeTarget;
			buildConfigurationList = 7110A7CD2671886200CDAF07 /* Build configuration list for PBXNativeTarget "NewsAppUITests" */;
			buildPhases = (
				7110A7BA2671886200CDAF07 /* Sources */,
				7110A7BB2671886200CDAF07 /* Frameworks */,
				7110A7BC2671886200CDAF07 /* Resources */,
			);
			buildRules = (
			);
			dependencies = (
				7110A7C02671886200CDAF07 /* PBXTargetDependency */,
			);
			name = NewsAppUITests;
			productName = NewsAppUITests;
			productReference = 7110A7BE2671886200CDAF07 /* NewsAppUITests.xctest */;
			productType = "com.apple.product-type.bundle.ui-testing";
		};
/* End PBXNativeTarget section */

/* Begin PBXProject section */
		7110A79A2671886100CDAF07 /* Project object */ = {
			isa = PBXProject;
			attributes = {
				LastSwiftUpdateCheck = 1250;
				LastUpgradeCheck = 1250;
				TargetAttributes = {
					7110A7A12671886100CDAF07 = {
						CreatedOnToolsVersion = 12.5;
					};
					7110A7B22671886200CDAF07 = {
						CreatedOnToolsVersion = 12.5;
						TestTargetID = 7110A7A12671886100CDAF07;
					};
					7110A7BD2671886200CDAF07 = {
						CreatedOnToolsVersion = 12.5;
						TestTargetID = 7110A7A12671886100CDAF07;
					};
				};
			};
			buildConfigurationList = 7110A79D2671886100CDAF07 /* Build configuration list for PBXProject "NewsApp" */;
			compatibilityVersion = "Xcode 9.3";
			developmentRegion = en;
			hasScannedForEncodings = 0;
			knownRegions = (
				en,
				Base,
			);
			mainGroup = 7110A7992671886100CDAF07;
			productRefGroup = 7110A7A32671886100CDAF07 /* Products */;
			projectDirPath = "";
			projectRoot = "";
			targets = (
				7110A7A12671886100CDAF07 /* NewsApp */,
				7110A7B22671886200CDAF07 /* NewsAppTests */,
				7110A7BD2671886200CDAF07 /* NewsAppUITests */,
			);
		};
/* End PBXProject section */

/* Begin PBXResourcesBuildPhase section */
		7110A7A02671886100CDAF07 /* Resources */ = {
			isa = PBXResourcesBuildPhase;
			buildActionMask = 2147483647;
			files = (
				7110A7AD2671886100CDAF07 /* Preview Assets.xcassets in Resources */,
				7110A7AA2671886100CDAF07 /* Assets.xcassets in Resources */,
			);
			runOnlyForDeploymentPostprocessing = 0;
		};
		7110A7B12671886200CDAF07 /* Resources */ = {
			isa = PBXResourcesBuildPhase;
			buildActionMask = 2147483647;
			files = (
			);
			runOnlyForDeploymentPostprocessing = 0;
		};
		7110A7BC2671886200CDAF07 /* Resources */ = {
			isa = PBXResourcesBuildPhase;
			buildActionMask = 2147483647;
			files = (
			);
			runOnlyForDeploymentPostprocessing = 0;
		};
/* End PBXResourcesBuildPhase section */

/* Begin PBXSourcesBuildPhase section */
		7110A79E2671886100CDAF07 /* Sources */ = {
			isa = PBXSourcesBuildPhase;
			buildActionMask = 2147483647;
			files = (
				7110A7E22676E8E500CDAF07 /* Palette.swift in Sources */,
				7110A7E62676F86D00CDAF07 /* Modal.swift in Sources */,
				7110A7D12671A17800CDAF07 /* Articles+Models.swift in Sources */,
				7110A7DA267577AF00CDAF07 /* Extensions.swift in Sources */,
				7110A7A82671886100CDAF07 /* ContentView.swift in Sources */,
				7110A7E82677040200CDAF07 /* UserSettingsView.swift in Sources */,
				7110A7EA2677041C00CDAF07 /* Settings.swift in Sources */,
				7110A7D62671B03500CDAF07 /* Articles+Controller.swift in Sources */,
				7110A7A62671886100CDAF07 /* NewsViewerApp.swift in Sources */,
				7110A7EC26770E6E00CDAF07 /* OnboardView.swift in Sources */,
				7110A7DE2676A8FE00CDAF07 /* ArticleViewer.swift in Sources */,
				7110A7D82671B0F200CDAF07 /* LoadingIcon.swift in Sources */,
				7110A7E02676D2FB00CDAF07 /* TopicChooser.swift in Sources */,
			);
			runOnlyForDeploymentPostprocessing = 0;
		};
		7110A7AF2671886200CDAF07 /* Sources */ = {
			isa = PBXSourcesBuildPhase;
			buildActionMask = 2147483647;
			files = (
				7110A7B82671886200CDAF07 /* NewsAppTests.swift in Sources */,
			);
			runOnlyForDeploymentPostprocessing = 0;
		};
		7110A7BA2671886200CDAF07 /* Sources */ = {
			isa = PBXSourcesBuildPhase;
			buildActionMask = 2147483647;
			files = (
				7110A7C32671886200CDAF07 /* NewsAppUITests.swift in Sources */,
			);
			runOnlyForDeploymentPostprocessing = 0;
		};
/* End PBXSourcesBuildPhase section */

/* Begin PBXTargetDependency section */
		7110A7B52671886200CDAF07 /* PBXTargetDependency */ = {
			isa = PBXTargetDependency;
			target = 7110A7A12671886100CDAF07 /* NewsApp */;
			targetProxy = 7110A7B42671886200CDAF07 /* PBXContainerItemProxy */;
		};
		7110A7C02671886200CDAF07 /* PBXTargetDependency */ = {
			isa = PBXTargetDependency;
			target = 7110A7A12671886100CDAF07 /* NewsApp */;
			targetProxy = 7110A7BF2671886200CDAF07 /* PBXContainerItemProxy */;
		};
/* End PBXTargetDependency section */

/* Begin XCBuildConfiguration section */
		7110A7C52671886200CDAF07 /* Debug */ = {
			isa = XCBuildConfiguration;
			buildSettings = {
				ALWAYS_SEARCH_USER_PATHS = NO;
				CLANG_ANALYZER_NONNULL = YES;
				CLANG_ANALYZER_NUMBER_OBJECT_CONVERSION = YES_AGGRESSIVE;
				CLANG_CXX_LANGUAGE_STANDARD = "gnu++14";
				CLANG_CXX_LIBRARY = "libc++";
				CLANG_ENABLE_MODULES = YES;
				CLANG_ENABLE_OBJC_ARC = YES;
				CLANG_ENABLE_OBJC_WEAK = YES;
				CLANG_WARN_BLOCK_CAPTURE_AUTORELEASING = YES;
				CLANG_WARN_BOOL_CONVERSION = YES;
				CLANG_WARN_COMMA = YES;
				CLANG_WARN_CONSTANT_CONVERSION = YES;
				CLANG_WARN_DEPRECATED_OBJC_IMPLEMENTATIONS = YES;
				CLANG_WARN_DIRECT_OBJC_ISA_USAGE = YES_ERROR;
				CLANG_WARN_DOCUMENTATION_COMMENTS = YES;
				CLANG_WARN_EMPTY_BODY = YES;
				CLANG_WARN_ENUM_CONVERSION = YES;
				CLANG_WARN_INFINITE_RECURSION = YES;
				CLANG_WARN_INT_CONVERSION = YES;
				CLANG_WARN_NON_LITERAL_NULL_CONVERSION = YES;
				CLANG_WARN_OBJC_IMPLICIT_RETAIN_SELF = YES;
				CLANG_WARN_OBJC_LITERAL_CONVERSION = YES;
				CLANG_WARN_OBJC_ROOT_CLASS = YES_ERROR;
				CLANG_WARN_QUOTED_INCLUDE_IN_FRAMEWORK_HEADER = YES;
				CLANG_WARN_RANGE_LOOP_ANALYSIS = YES;
				CLANG_WARN_STRICT_PROTOTYPES = YES;
				CLANG_WARN_SUSPICIOUS_MOVE = YES;
				CLANG_WARN_UNGUARDED_AVAILABILITY = YES_AGGRESSIVE;
				CLANG_WARN_UNREACHABLE_CODE = YES;
				CLANG_WARN__DUPLICATE_METHOD_MATCH = YES;
				COPY_PHASE_STRIP = NO;
				DEBUG_INFORMATION_FORMAT = dwarf;
				ENABLE_STRICT_OBJC_MSGSEND = YES;
				ENABLE_TESTABILITY = YES;
				GCC_C_LANGUAGE_STANDARD = gnu11;
				GCC_DYNAMIC_NO_PIC = NO;
				GCC_NO_COMMON_BLOCKS = YES;
				GCC_OPTIMIZATION_LEVEL = 0;
				GCC_PREPROCESSOR_DEFINITIONS = (
					"DEBUG=1",
					"$(inherited)",
				);
				GCC_WARN_64_TO_32_BIT_CONVERSION = YES;
				GCC_WARN_ABOUT_RETURN_TYPE = YES_ERROR;
				GCC_WARN_UNDECLARED_SELECTOR = YES;
				GCC_WARN_UNINITIALIZED_AUTOS = YES_AGGRESSIVE;
				GCC_WARN_UNUSED_FUNCTION = YES;
				GCC_WARN_UNUSED_VARIABLE = YES;
				IPHONEOS_DEPLOYMENT_TARGET = 14.5;
				MTL_ENABLE_DEBUG_INFO = INCLUDE_SOURCE;
				MTL_FAST_MATH = YES;
				ONLY_ACTIVE_ARCH = YES;
				SDKROOT = iphoneos;
				SWIFT_ACTIVE_COMPILATION_CONDITIONS = DEBUG;
				SWIFT_OPTIMIZATION_LEVEL = "-Onone";
			};
			name = Debug;
		};
		7110A7C62671886200CDAF07 /* Release */ = {
			isa = XCBuildConfiguration;
			buildSettings = {
				ALWAYS_SEARCH_USER_PATHS = NO;
				CLANG_ANALYZER_NONNULL = YES;
				CLANG_ANALYZER_NUMBER_OBJECT_CONVERSION = YES_AGGRESSIVE;
				CLANG_CXX_LANGUAGE_STANDARD = "gnu++14";
				CLANG_CXX_LIBRARY = "libc++";
				CLANG_ENABLE_MODULES = YES;
				CLANG_ENABLE_OBJC_ARC = YES;
				CLANG_ENABLE_OBJC_WEAK = YES;
				CLANG_WARN_BLOCK_CAPTURE_AUTORELEASING = YES;
				CLANG_WARN_BOOL_CONVERSION = YES;
				CLANG_WARN_COMMA = YES;
				CLANG_WARN_CONSTANT_CONVERSION = YES;
				CLANG_WARN_DEPRECATED_OBJC_IMPLEMENTATIONS = YES;
				CLANG_WARN_DIRECT_OBJC_ISA_USAGE = YES_ERROR;
				CLANG_WARN_DOCUMENTATION_COMMENTS = YES;
				CLANG_WARN_EMPTY_BODY = YES;
				CLANG_WARN_ENUM_CONVERSION = YES;
				CLANG_WARN_INFINITE_RECURSION = YES;
				CLANG_WARN_INT_CONVERSION = YES;
				CLANG_WARN_NON_LITERAL_NULL_CONVERSION = YES;
				CLANG_WARN_OBJC_IMPLICIT_RETAIN_SELF = YES;
				CLANG_WARN_OBJC_LITERAL_CONVERSION = YES;
				CLANG_WARN_OBJC_ROOT_CLASS = YES_ERROR;
				CLANG_WARN_QUOTED_INCLUDE_IN_FRAMEWORK_HEADER = YES;
				CLANG_WARN_RANGE_LOOP_ANALYSIS = YES;
				CLANG_WARN_STRICT_PROTOTYPES = YES;
				CLANG_WARN_SUSPICIOUS_MOVE = YES;
				CLANG_WARN_UNGUARDED_AVAILABILITY = YES_AGGRESSIVE;
				CLANG_WARN_UNREACHABLE_CODE = YES;
				CLANG_WARN__DUPLICATE_METHOD_MATCH = YES;
				COPY_PHASE_STRIP = NO;
				DEBUG_INFORMATION_FORMAT = "dwarf-with-dsym";
				ENABLE_NS_ASSERTIONS = NO;
				ENABLE_STRICT_OBJC_MSGSEND = YES;
				GCC_C_LANGUAGE_STANDARD = gnu11;
				GCC_NO_COMMON_BLOCKS = YES;
				GCC_WARN_64_TO_32_BIT_CONVERSION = YES;
				GCC_WARN_ABOUT_RETURN_TYPE = YES_ERROR;
				GCC_WARN_UNDECLARED_SELECTOR = YES;
				GCC_WARN_UNINITIALIZED_AUTOS = YES_AGGRESSIVE;
				GCC_WARN_UNUSED_FUNCTION = YES;
				GCC_WARN_UNUSED_VARIABLE = YES;
				IPHONEOS_DEPLOYMENT_TARGET = 14.5;
				MTL_ENABLE_DEBUG_INFO = NO;
				MTL_FAST_MATH = YES;
				SDKROOT = iphoneos;
				SWIFT_COMPILATION_MODE = wholemodule;
				SWIFT_OPTIMIZATION_LEVEL = "-O";
				VALIDATE_PRODUCT = YES;
			};
			name = Release;
		};
		7110A7C82671886200CDAF07 /* Debug */ = {
			isa = XCBuildConfiguration;
			buildSettings = {
				ASSETCATALOG_COMPILER_APPICON_NAME = AppIcon;
				ASSETCATALOG_COMPILER_GLOBAL_ACCENT_COLOR_NAME = AccentColor;
				CODE_SIGN_STYLE = Automatic;
				DEVELOPMENT_ASSET_PATHS = "\"NewsApp/Preview Content\"";
				DEVELOPMENT_TEAM = 648ZW93364;
				ENABLE_PREVIEWS = YES;
				INFOPLIST_FILE = NewsApp/Info.plist;
				IPHONEOS_DEPLOYMENT_TARGET = 14.0;
				LD_RUNPATH_SEARCH_PATHS = (
					"$(inherited)",
					"@executable_path/Frameworks",
				);
				PRODUCT_BUNDLE_IDENTIFIER = com.ronankelly.NewsApp;
				PRODUCT_NAME = "$(TARGET_NAME)";
				SWIFT_VERSION = 5.0;
				TARGETED_DEVICE_FAMILY = "1,2";
			};
			name = Debug;
		};
		7110A7C92671886200CDAF07 /* Release */ = {
			isa = XCBuildConfiguration;
			buildSettings = {
				ASSETCATALOG_COMPILER_APPICON_NAME = AppIcon;
				ASSETCATALOG_COMPILER_GLOBAL_ACCENT_COLOR_NAME = AccentColor;
				CODE_SIGN_STYLE = Automatic;
				DEVELOPMENT_ASSET_PATHS = "\"NewsApp/Preview Content\"";
				DEVELOPMENT_TEAM = 648ZW93364;
				ENABLE_PREVIEWS = YES;
				INFOPLIST_FILE = NewsApp/Info.plist;
				IPHONEOS_DEPLOYMENT_TARGET = 14.0;
				LD_RUNPATH_SEARCH_PATHS = (
					"$(inherited)",
					"@executable_path/Frameworks",
				);
				PRODUCT_BUNDLE_IDENTIFIER = com.ronankelly.NewsApp;
				PRODUCT_NAME = "$(TARGET_NAME)";
				SWIFT_VERSION = 5.0;
				TARGETED_DEVICE_FAMILY = "1,2";
			};
			name = Release;
		};
		7110A7CB2671886200CDAF07 /* Debug */ = {
			isa = XCBuildConfiguration;
			buildSettings = {
				ALWAYS_EMBED_SWIFT_STANDARD_LIBRARIES = YES;
				BUNDLE_LOADER = "$(TEST_HOST)";
				CODE_SIGN_STYLE = Automatic;
				DEVELOPMENT_TEAM = 648ZW93364;
				INFOPLIST_FILE = NewsAppTests/Info.plist;
				IPHONEOS_DEPLOYMENT_TARGET = 14.0;
				LD_RUNPATH_SEARCH_PATHS = (
					"$(inherited)",
					"@executable_path/Frameworks",
					"@loader_path/Frameworks",
				);
				PRODUCT_BUNDLE_IDENTIFIER = com.ronankelly.NewsAppTests;
				PRODUCT_NAME = "$(TARGET_NAME)";
				SWIFT_VERSION = 5.0;
				TARGETED_DEVICE_FAMILY = "1,2";
				TEST_HOST = "$(BUILT_PRODUCTS_DIR)/NewsApp.app/NewsApp";
			};
			name = Debug;
		};
		7110A7CC2671886200CDAF07 /* Release */ = {
			isa = XCBuildConfiguration;
			buildSettings = {
				ALWAYS_EMBED_SWIFT_STANDARD_LIBRARIES = YES;
				BUNDLE_LOADER = "$(TEST_HOST)";
				CODE_SIGN_STYLE = Automatic;
				DEVELOPMENT_TEAM = 648ZW93364;
				INFOPLIST_FILE = NewsAppTests/Info.plist;
				IPHONEOS_DEPLOYMENT_TARGET = 14.0;
				LD_RUNPATH_SEARCH_PATHS = (
					"$(inherited)",
					"@executable_path/Frameworks",
					"@loader_path/Frameworks",
				);
				PRODUCT_BUNDLE_IDENTIFIER = com.ronankelly.NewsAppTests;
				PRODUCT_NAME = "$(TARGET_NAME)";
				SWIFT_VERSION = 5.0;
				TARGETED_DEVICE_FAMILY = "1,2";
				TEST_HOST = "$(BUILT_PRODUCTS_DIR)/NewsApp.app/NewsApp";
			};
			name = Release;
		};
		7110A7CE2671886200CDAF07 /* Debug */ = {
			isa = XCBuildConfiguration;
			buildSettings = {
				ALWAYS_EMBED_SWIFT_STANDARD_LIBRARIES = YES;
				CODE_SIGN_STYLE = Automatic;
				DEVELOPMENT_TEAM = 648ZW93364;
				INFOPLIST_FILE = NewsAppUITests/Info.plist;
				LD_RUNPATH_SEARCH_PATHS = (
					"$(inherited)",
					"@executable_path/Frameworks",
					"@loader_path/Frameworks",
				);
				PRODUCT_BUNDLE_IDENTIFIER = com.ronankelly.NewsAppUITests;
				PRODUCT_NAME = "$(TARGET_NAME)";
				SWIFT_VERSION = 5.0;
				TARGETED_DEVICE_FAMILY = "1,2";
				TEST_TARGET_NAME = NewsApp;
			};
			name = Debug;
		};
		7110A7CF2671886200CDAF07 /* Release */ = {
			isa = XCBuildConfiguration;
			buildSettings = {
				ALWAYS_EMBED_SWIFT_STANDARD_LIBRARIES = YES;
				CODE_SIGN_STYLE = Automatic;
				DEVELOPMENT_TEAM = 648ZW93364;
				INFOPLIST_FILE = NewsAppUITests/Info.plist;
				LD_RUNPATH_SEARCH_PATHS = (
					"$(inherited)",
					"@executable_path/Frameworks",
					"@loader_path/Frameworks",
				);
				PRODUCT_BUNDLE_IDENTIFIER = com.ronankelly.NewsAppUITests;
				PRODUCT_NAME = "$(TARGET_NAME)";
				SWIFT_VERSION = 5.0;
				TARGETED_DEVICE_FAMILY = "1,2";
				TEST_TARGET_NAME = NewsApp;
			};
			name = Release;
		};
/* End XCBuildConfiguration section */

/* Begin XCConfigurationList section */
		7110A79D2671886100CDAF07 /* Build configuration list for PBXProject "NewsApp" */ = {
			isa = XCConfigurationList;
			buildConfigurations = (
				7110A7C52671886200CDAF07 /* Debug */,
				7110A7C62671886200CDAF07 /* Release */,
			);
			defaultConfigurationIsVisible = 0;
			defaultConfigurationName = Release;
		};
		7110A7C72671886200CDAF07 /* Build configuration list for PBXNativeTarget "NewsApp" */ = {
			isa = XCConfigurationList;
			buildConfigurations = (
				7110A7C82671886200CDAF07 /* Debug */,
				7110A7C92671886200CDAF07 /* Release */,
			);
			defaultConfigurationIsVisible = 0;
			defaultConfigurationName = Release;
		};
		7110A7CA2671886200CDAF07 /* Build configuration list for PBXNativeTarget "NewsAppTests" */ = {
			isa = XCConfigurationList;
			buildConfigurations = (
				7110A7CB2671886200CDAF07 /* Debug */,
				7110A7CC2671886200CDAF07 /* Release */,
			);
			defaultConfigurationIsVisible = 0;
			defaultConfigurationName = Release;
		};
		7110A7CD2671886200CDAF07 /* Build configuration list for PBXNativeTarget "NewsAppUITests" */ = {
			isa = XCConfigurationList;
			buildConfigurations = (
				7110A7CE2671886200CDAF07 /* Debug */,
				7110A7CF2671886200CDAF07 /* Release */,
			);
			defaultConfigurationIsVisible = 0;
			defaultConfigurationName = Release;
		};
/* End XCConfigurationList section */
	};
	rootObject = 7110A79A2671886100CDAF07 /* Project object */;
}
